
Microsoft Visual Studio Solution File, Format Version 12.00
# Visual Studio Version 17
VisualStudioVersion = 17.0.31903.59
MinimumVisualStudioVersion = 10.0.40219.1
Project("{FAE04EC0-301F-11D3-BF4B-00C04F79EFBC}") = "Merchandising.API", "Merchandising.API\Merchandising.API.csproj", "{E91EFE02-F680-4CB4-995A-6ED0361D78D5}"
EndProject
Project("{FAE04EC0-301F-11D3-BF4B-00C04F79EFBC}") = "Merchandising.Application", "Merchandising.Application\Merchandising.Application.csproj", "{014559CD-7983-402E-B0C9-0D8A73D6F62B}"
EndProject
Project("{FAE04EC0-301F-11D3-BF4B-00C04F79EFBC}") = "Merchandising.Domain", "Merchandising.Domain\Merchandising.Domain.csproj", "{9573FE48-F058-4397-9CD8-C5616EE3CB34}"
EndProject
Global
	GlobalSection(SolutionConfigurationPlatforms) = preSolution
		Debug|Any CPU = Debug|Any CPU
		Release|Any CPU = Release|Any CPU
	EndGlobalSection
	GlobalSection(SolutionProperties) = preSolution
		HideSolutionNode = FALSE
	EndGlobalSection
	GlobalSection(ProjectConfigurationPlatforms) = postSolution
		{E91EFE02-F680-4CB4-995A-6ED0361D78D5}.Debug|Any CPU.ActiveCfg = Debug|Any CPU
		{E91EFE02-F680-4CB4-995A-6ED0361D78D5}.Debug|Any CPU.Build.0 = Debug|Any CPU
		{E91EFE02-F680-4CB4-995A-6ED0361D78D5}.Release|Any CPU.ActiveCfg = Release|Any CPU
		{E91EFE02-F680-4CB4-995A-6ED0361D78D5}.Release|Any CPU.Build.0 = Release|Any CPU
		{014559CD-7983-402E-B0C9-0D8A73D6F62B}.Debug|Any CPU.ActiveCfg = Debug|Any CPU
		{014559CD-7983-402E-B0C9-0D8A73D6F62B}.Debug|Any CPU.Build.0 = Debug|Any CPU
		{014559CD-7983-402E-B0C9-0D8A73D6F62B}.Release|Any CPU.ActiveCfg = Release|Any CPU
		{014559CD-7983-402E-B0C9-0D8A73D6F62B}.Release|Any CPU.Build.0 = Release|Any CPU
		{9573FE48-F058-4397-9CD8-C5616EE3CB34}.Debug|Any CPU.ActiveCfg = Debug|Any CPU
		{9573FE48-F058-4397-9CD8-C5616EE3CB34}.Debug|Any CPU.Build.0 = Debug|Any CPU
		{9573FE48-F058-4397-9CD8-C5616EE3CB34}.Release|Any CPU.ActiveCfg = Release|Any CPU
		{9573FE48-F058-4397-9CD8-C5616EE3CB34}.Release|Any CPU.Build.0 = Release|Any CPU
	EndGlobalSection
EndGlobal
